
Microsoft Visual Studio Solution File, Format Version 12.00
# Visual Studio 15
VisualStudioVersion = 15.0.28307.572
MinimumVisualStudioVersion = 10.0.40219.1
Project("{FAE04EC0-301F-11D3-BF4B-00C04F79EFBC}") = "TMP", "TMP\TMP.csproj", "{3148789A-14AD-418B-B81F-518840FC147B}"
EndProject
Global
	GlobalSection(SolutionConfigurationPlatforms) = preSolution
		Debug|Any CPU = Debug|Any CPU
		Release|Any CPU = Release|Any CPU
	EndGlobalSection
	GlobalSection(ProjectConfigurationPlatforms) = postSolution
		{3148789A-14AD-418B-B81F-518840FC147B}.Debug|Any CPU.ActiveCfg = Debug|Any CPU
		{3148789A-14AD-418B-B81F-518840FC147B}.Debug|Any CPU.Build.0 = Debug|Any CPU
		{3148789A-14AD-418B-B81F-518840FC147B}.Release|Any CPU.ActiveCfg = Release|Any CPU
		{3148789A-14AD-418B-B81F-518840FC147B}.Release|Any CPU.Build.0 = Release|Any CPU
	EndGlobalSection
	GlobalSection(SolutionProperties) = preSolution
		HideSolutionNode = FALSE
	EndGlobalSection
	GlobalSection(ExtensibilityGlobals) = postSolution
		SolutionGuid = {CD98B80B-5DBE-453A-A2CC-C870E3A6B471}
	EndGlobalSection
EndGlobal
